
Microsoft Visual Studio Solution File, Format Version 12.00
# Visual Studio 15
VisualStudioVersion = 15.0.28307.645
MinimumVisualStudioVersion = 10.0.40219.1
Project("{FAE04EC0-301F-11D3-BF4B-00C04F79EFBC}") = "Hangman", "Hangman\Hangman.csproj", "{070C5EBE-D6E0-43BA-987A-63AE33530364}"
EndProject
Global
	GlobalSection(SolutionConfigurationPlatforms) = preSolution
		Debug|Any CPU = Debug|Any CPU
		Release|Any CPU = Release|Any CPU
	EndGlobalSection
	GlobalSection(ProjectConfigurationPlatforms) = postSolution
		{070C5EBE-D6E0-43BA-987A-63AE33530364}.Debug|Any CPU.ActiveCfg = Debug|Any CPU
		{070C5EBE-D6E0-43BA-987A-63AE33530364}.Debug|Any CPU.Build.0 = Debug|Any CPU
		{070C5EBE-D6E0-43BA-987A-63AE33530364}.Release|Any CPU.ActiveCfg = Release|Any CPU
		{070C5EBE-D6E0-43BA-987A-63AE33530364}.Release|Any CPU.Build.0 = Release|Any CPU
	EndGlobalSection
	GlobalSection(SolutionProperties) = preSolution
		HideSolutionNode = FALSE
	EndGlobalSection
	GlobalSection(ExtensibilityGlobals) = postSolution
		SolutionGuid = {0C93CE3F-235D-4C41-B52A-1A43E88D538B}
	EndGlobalSection
EndGlobal
